--- 
hash: ffb0b738e15b83220ff24c4d798ba869ca9d7865
sources: 
- Rubygems: 
    uri: http://gemcutter.org
specs: 
- RedCloth: 
    version: 4.2.3
- stemmer: 
    version: 1.0.1
- classifier: 
    version: 1.3.1
- directory_watcher: 
    version: 1.3.2
- liquid: 
    version: "2.1"
- syntax: 
    version: 1.0.0
- maruku: 
    version: 0.6.0
- jekyll: 
    version: 0.6.2
dependencies: 
  RedCloth: 
    version: ">= 0"
    group: 
    - :default
  liquid: 
    version: = 2.1
    group: 
    - :default
  jekyll: 
    version: = 0.6.2
    group: 
    - :default
