--- 
hash: 9a1232272be1c418f1e3f8619cfcff5295d69df7
sources: 
- Rubygems: 
    uri: http://gemcutter.org
specs: 
- RedCloth: 
    version: 4.2.3
- stemmer: 
    version: 1.0.1
- classifier: 
    version: 1.3.1
- directory_watcher: 
    version: 1.3.2
- liquid: 
    version: "2.1"
- syntax: 
    version: 1.0.0
- maruku: 
    version: 0.6.0
- jekyll: 
    version: 0.6.2
- rdiscount: 
    version: 1.6.5
dependencies: 
  RedCloth: 
    version: ">= 0"
    group: 
    - :default
  rdiscount: 
    version: ">= 0"
    group: 
    - :default
  liquid: 
    version: = 2.1
    group: 
    - :default
  jekyll: 
    version: = 0.6.2
    group: 
    - :default
